// !$*UTF8*$!
{
	archiveVersion = 1;
	classes = {
	};
	objectVersion = 77;
	objects = {

/* Begin PBXContainerItemProxy section */
		D27D98482CCE93C700FCD0A5 /* PBXContainerItemProxy */ = {
			isa = PBXContainerItemProxy;
			containerPortal = D27D982F2CCE93C600FCD0A5 /* Project object */;
			proxyType = 1;
			remoteGlobalIDString = D27D98362CCE93C600FCD0A5;
			remoteInfo = WeatherAppPractice;
		};
		D27D98522CCE93C700FCD0A5 /* PBXContainerItemProxy */ = {
			isa = PBXContainerItemProxy;
			containerPortal = D27D982F2CCE93C600FCD0A5 /* Project object */;
			proxyType = 1;
			remoteGlobalIDString = D27D98362CCE93C600FCD0A5;
			remoteInfo = WeatherAppPractice;
		};
/* End PBXContainerItemProxy section */

/* Begin PBXFileReference section */
		D27D98372CCE93C600FCD0A5 /* WeatherAppPractice.app */ = {isa = PBXFileReference; explicitFileType = wrapper.application; includeInIndex = 0; path = WeatherAppPractice.app; sourceTree = BUILT_PRODUCTS_DIR; };
		D27D98472CCE93C700FCD0A5 /* WeatherAppPracticeTests.xctest */ = {isa = PBXFileReference; explicitFileType = wrapper.cfbundle; includeInIndex = 0; path = WeatherAppPracticeTests.xctest; sourceTree = BUILT_PRODUCTS_DIR; };
		D27D98512CCE93C700FCD0A5 /* WeatherAppPracticeUITests.xctest */ = {isa = PBXFileReference; explicitFileType = wrapper.cfbundle; includeInIndex = 0; path = WeatherAppPracticeUITests.xctest; sourceTree = BUILT_PRODUCTS_DIR; };
/* End PBXFileReference section */

/* Begin PBXFileSystemSynchronizedRootGroup section */
		D27D98392CCE93C600FCD0A5 /* WeatherAppPractice */ = {
			isa = PBXFileSystemSynchronizedRootGroup;
			path = WeatherAppPractice;
			sourceTree = "<group>";
		};
		D27D984A2CCE93C700FCD0A5 /* WeatherAppPracticeTests */ = {
			isa = PBXFileSystemSynchronizedRootGroup;
			path = WeatherAppPracticeTests;
			sourceTree = "<group>";
		};
		D27D98542CCE93C700FCD0A5 /* WeatherAppPracticeUITests */ = {
			isa = PBXFileSystemSynchronizedRootGroup;
			path = WeatherAppPracticeUITests;
			sourceTree = "<group>";
		};
/* End PBXFileSystemSynchronizedRootGroup section */

/* Begin PBXFrameworksBuildPhase section */
		D27D98342CCE93C600FCD0A5 /* Frameworks */ = {
			isa = PBXFrameworksBuildPhase;
			buildActionMask = 2147483647;
			files = (
			);
			runOnlyForDeploymentPostprocessing = 0;
		};
		D27D98442CCE93C700FCD0A5 /* Frameworks */ = {
			isa = PBXFrameworksBuildPhase;
			buildActionMask = 2147483647;
			files = (
			);
			runOnlyForDeploymentPostprocessing = 0;
		};
		D27D984E2CCE93C700FCD0A5 /* Frameworks */ = {
			isa = PBXFrameworksBuildPhase;
			buildActionMask = 2147483647;
			files = (
			);
			runOnlyForDeploymentPostprocessing = 0;
		};
/* End PBXFrameworksBuildPhase section */

/* Begin PBXGroup section */
		D27D982E2CCE93C600FCD0A5 = {
			isa = PBXGroup;
			children = (
				D27D98392CCE93C600FCD0A5 /* WeatherAppPractice */,
				D27D984A2CCE93C700FCD0A5 /* WeatherAppPracticeTests */,
				D27D98542CCE93C700FCD0A5 /* WeatherAppPracticeUITests */,
				D27D98382CCE93C600FCD0A5 /* Products */,
			);
			sourceTree = "<group>";
		};
		D27D98382CCE93C600FCD0A5 /* Products */ = {
			isa = PBXGroup;
			children = (
				D27D98372CCE93C600FCD0A5 /* WeatherAppPractice.app */,
				D27D98472CCE93C700FCD0A5 /* WeatherAppPracticeTests.xctest */,
				D27D98512CCE93C700FCD0A5 /* WeatherAppPracticeUITests.xctest */,
			);
			name = Products;
			sourceTree = "<group>";
		};
/* End PBXGroup section */

/* Begin PBXNativeTarget section */
		D27D98362CCE93C600FCD0A5 /* WeatherAppPractice */ = {
			isa = PBXNativeTarget;
			buildConfigurationList = D27D985B2CCE93C700FCD0A5 /* Build configuration list for PBXNativeTarget "WeatherAppPractice" */;
			buildPhases = (
				D27D98332CCE93C600FCD0A5 /* Sources */,
				D27D98342CCE93C600FCD0A5 /* Frameworks */,
				D27D98352CCE93C600FCD0A5 /* Resources */,
			);
			buildRules = (
			);
			dependencies = (
			);
			fileSystemSynchronizedGroups = (
				D27D98392CCE93C600FCD0A5 /* WeatherAppPractice */,
			);
			name = WeatherAppPractice;
			packageProductDependencies = (
			);
			productName = WeatherAppPractice;
			productReference = D27D98372CCE93C600FCD0A5 /* WeatherAppPractice.app */;
			productType = "com.apple.product-type.application";
		};
		D27D98462CCE93C700FCD0A5 /* WeatherAppPracticeTests */ = {
			isa = PBXNativeTarget;
			buildConfigurationList = D27D985E2CCE93C700FCD0A5 /* Build configuration list for PBXNativeTarget "WeatherAppPracticeTests" */;
			buildPhases = (
				D27D98432CCE93C700FCD0A5 /* Sources */,
				D27D98442CCE93C700FCD0A5 /* Frameworks */,
				D27D98452CCE93C700FCD0A5 /* Resources */,
			);
			buildRules = (
			);
			dependencies = (
				D27D98492CCE93C700FCD0A5 /* PBXTargetDependency */,
			);
			fileSystemSynchronizedGroups = (
				D27D984A2CCE93C700FCD0A5 /* WeatherAppPracticeTests */,
			);
			name = WeatherAppPracticeTests;
			packageProductDependencies = (
			);
			productName = WeatherAppPracticeTests;
			productReference = D27D98472CCE93C700FCD0A5 /* WeatherAppPracticeTests.xctest */;
			productType = "com.apple.product-type.bundle.unit-test";
		};
		D27D98502CCE93C700FCD0A5 /* WeatherAppPracticeUITests */ = {
			isa = PBXNativeTarget;
			buildConfigurationList = D27D98612CCE93C700FCD0A5 /* Build configuration list for PBXNativeTarget "WeatherAppPracticeUITests" */;
			buildPhases = (
				D27D984D2CCE93C700FCD0A5 /* Sources */,
				D27D984E2CCE93C700FCD0A5 /* Frameworks */,
				D27D984F2CCE93C700FCD0A5 /* Resources */,
			);
			buildRules = (
			);
			dependencies = (
				D27D98532CCE93C700FCD0A5 /* PBXTargetDependency */,
			);
			fileSystemSynchronizedGroups = (
				D27D98542CCE93C700FCD0A5 /* WeatherAppPracticeUITests */,
			);
			name = WeatherAppPracticeUITests;
			packageProductDependencies = (
			);
			productName = WeatherAppPracticeUITests;
			productReference = D27D98512CCE93C700FCD0A5 /* WeatherAppPracticeUITests.xctest */;
			productType = "com.apple.product-type.bundle.ui-testing";
		};
/* End PBXNativeTarget section */

/* Begin PBXProject section */
		D27D982F2CCE93C600FCD0A5 /* Project object */ = {
			isa = PBXProject;
			attributes = {
				BuildIndependentTargetsInParallel = 1;
				LastSwiftUpdateCheck = 1600;
				LastUpgradeCheck = 1600;
				TargetAttributes = {
					D27D98362CCE93C600FCD0A5 = {
						CreatedOnToolsVersion = 16.0;
					};
					D27D98462CCE93C700FCD0A5 = {
						CreatedOnToolsVersion = 16.0;
						TestTargetID = D27D98362CCE93C600FCD0A5;
					};
					D27D98502CCE93C700FCD0A5 = {
						CreatedOnToolsVersion = 16.0;
						TestTargetID = D27D98362CCE93C600FCD0A5;
					};
				};
			};
			buildConfigurationList = D27D98322CCE93C600FCD0A5 /* Build configuration list for PBXProject "WeatherAppPractice" */;
			developmentRegion = en;
			hasScannedForEncodings = 0;
			knownRegions = (
				en,
				Base,
			);
			mainGroup = D27D982E2CCE93C600FCD0A5;
			minimizedProjectReferenceProxies = 1;
			preferredProjectObjectVersion = 77;
			productRefGroup = D27D98382CCE93C600FCD0A5 /* Products */;
			projectDirPath = "";
			projectRoot = "";
			targets = (
				D27D98362CCE93C600FCD0A5 /* WeatherAppPractice */,
				D27D98462CCE93C700FCD0A5 /* WeatherAppPracticeTests */,
				D27D98502CCE93C700FCD0A5 /* WeatherAppPracticeUITests */,
			);
		};
/* End PBXProject section */

/* Begin PBXResourcesBuildPhase section */
		D27D98352CCE93C600FCD0A5 /* Resources */ = {
			isa = PBXResourcesBuildPhase;
			buildActionMask = 2147483647;
			files = (
			);
			runOnlyForDeploymentPostprocessing = 0;
		};
		D27D98452CCE93C700FCD0A5 /* Resources */ = {
			isa = PBXResourcesBuildPhase;
			buildActionMask = 2147483647;
			files = (
			);
			runOnlyForDeploymentPostprocessing = 0;
		};
		D27D984F2CCE93C700FCD0A5 /* Resources */ = {
			isa = PBXResourcesBuildPhase;
			buildActionMask = 2147483647;
			files = (
			);
			runOnlyForDeploymentPostprocessing = 0;
		};
/* End PBXResourcesBuildPhase section */

/* Begin PBXSourcesBuildPhase section */
		D27D98332CCE93C600FCD0A5 /* Sources */ = {
			isa = PBXSourcesBuildPhase;
			buildActionMask = 2147483647;
			files = (
			);
			runOnlyForDeploymentPostprocessing = 0;
		};
		D27D98432CCE93C700FCD0A5 /* Sources */ = {
			isa = PBXSourcesBuildPhase;
			buildActionMask = 2147483647;
			files = (
			);
			runOnlyForDeploymentPostprocessing = 0;
		};
		D27D984D2CCE93C700FCD0A5 /* Sources */ = {
			isa = PBXSourcesBuildPhase;
			buildActionMask = 2147483647;
			files = (
			);
			runOnlyForDeploymentPostprocessing = 0;
		};
/* End PBXSourcesBuildPhase section */

/* Begin PBXTargetDependency section */
		D27D98492CCE93C700FCD0A5 /* PBXTargetDependency */ = {
			isa = PBXTargetDependency;
			target = D27D98362CCE93C600FCD0A5 /* WeatherAppPractice */;
			targetProxy = D27D98482CCE93C700FCD0A5 /* PBXContainerItemProxy */;
		};
		D27D98532CCE93C700FCD0A5 /* PBXTargetDependency */ = {
			isa = PBXTargetDependency;
			target = D27D98362CCE93C600FCD0A5 /* WeatherAppPractice */;
			targetProxy = D27D98522CCE93C700FCD0A5 /* PBXContainerItemProxy */;
		};
/* End PBXTargetDependency section */

/* Begin XCBuildConfiguration section */
		D27D98592CCE93C700FCD0A5 /* Debug */ = {
			isa = XCBuildConfiguration;
			buildSettings = {
				ALWAYS_SEARCH_USER_PATHS = NO;
				ASSETCATALOG_COMPILER_GENERATE_SWIFT_ASSET_SYMBOL_EXTENSIONS = YES;
				CLANG_ANALYZER_NONNULL = YES;
				CLANG_ANALYZER_NUMBER_OBJECT_CONVERSION = YES_AGGRESSIVE;
				CLANG_CXX_LANGUAGE_STANDARD = "gnu++20";
				CLANG_ENABLE_MODULES = YES;
				CLANG_ENABLE_OBJC_ARC = YES;
				CLANG_ENABLE_OBJC_WEAK = YES;
				CLANG_WARN_BLOCK_CAPTURE_AUTORELEASING = YES;
				CLANG_WARN_BOOL_CONVERSION = YES;
				CLANG_WARN_COMMA = YES;
				CLANG_WARN_CONSTANT_CONVERSION = YES;
				CLANG_WARN_DEPRECATED_OBJC_IMPLEMENTATIONS = YES;
				CLANG_WARN_DIRECT_OBJC_ISA_USAGE = YES_ERROR;
				CLANG_WARN_DOCUMENTATION_COMMENTS = YES;
				CLANG_WARN_EMPTY_BODY = YES;
				CLANG_WARN_ENUM_CONVERSION = YES;
				CLANG_WARN_INFINITE_RECURSION = YES;
				CLANG_WARN_INT_CONVERSION = YES;
				CLANG_WARN_NON_LITERAL_NULL_CONVERSION = YES;
				CLANG_WARN_OBJC_IMPLICIT_RETAIN_SELF = YES;
				CLANG_WARN_OBJC_LITERAL_CONVERSION = YES;
				CLANG_WARN_OBJC_ROOT_CLASS = YES_ERROR;
				CLANG_WARN_QUOTED_INCLUDE_IN_FRAMEWORK_HEADER = YES;
				CLANG_WARN_RANGE_LOOP_ANALYSIS = YES;
				CLANG_WARN_STRICT_PROTOTYPES = YES;
				CLANG_WARN_SUSPICIOUS_MOVE = YES;
				CLANG_WARN_UNGUARDED_AVAILABILITY = YES_AGGRESSIVE;
				CLANG_WARN_UNREACHABLE_CODE = YES;
				CLANG_WARN__DUPLICATE_METHOD_MATCH = YES;
				COPY_PHASE_STRIP = NO;
				DEBUG_INFORMATION_FORMAT = dwarf;
				ENABLE_STRICT_OBJC_MSGSEND = YES;
				ENABLE_TESTABILITY = YES;
				ENABLE_USER_SCRIPT_SANDBOXING = YES;
				GCC_C_LANGUAGE_STANDARD = gnu17;
				GCC_DYNAMIC_NO_PIC = NO;
				GCC_NO_COMMON_BLOCKS = YES;
				GCC_OPTIMIZATION_LEVEL = 0;
				GCC_PREPROCESSOR_DEFINITIONS = (
					"DEBUG=1",
					"$(inherited)",
				);
				GCC_WARN_64_TO_32_BIT_CONVERSION = YES;
				GCC_WARN_ABOUT_RETURN_TYPE = YES_ERROR;
				GCC_WARN_UNDECLARED_SELECTOR = YES;
				GCC_WARN_UNINITIALIZED_AUTOS = YES_AGGRESSIVE;
				GCC_WARN_UNUSED_FUNCTION = YES;
				GCC_WARN_UNUSED_VARIABLE = YES;
				IPHONEOS_DEPLOYMENT_TARGET = 18.0;
				LOCALIZATION_PREFERS_STRING_CATALOGS = YES;
				MTL_ENABLE_DEBUG_INFO = INCLUDE_SOURCE;
				MTL_FAST_MATH = YES;
				ONLY_ACTIVE_ARCH = YES;
				SDKROOT = iphoneos;
				SWIFT_ACTIVE_COMPILATION_CONDITIONS = "DEBUG $(inherited)";
				SWIFT_OPTIMIZATION_LEVEL = "-Onone";
			};
			name = Debug;
		};
		D27D985A2CCE93C700FCD0A5 /* Release */ = {
			isa = XCBuildConfiguration;
			buildSettings = {
				ALWAYS_SEARCH_USER_PATHS = NO;
				ASSETCATALOG_COMPILER_GENERATE_SWIFT_ASSET_SYMBOL_EXTENSIONS = YES;
				CLANG_ANALYZER_NONNULL = YES;
				CLANG_ANALYZER_NUMBER_OBJECT_CONVERSION = YES_AGGRESSIVE;
				CLANG_CXX_LANGUAGE_STANDARD = "gnu++20";
				CLANG_ENABLE_MODULES = YES;
				CLANG_ENABLE_OBJC_ARC = YES;
				CLANG_ENABLE_OBJC_WEAK = YES;
				CLANG_WARN_BLOCK_CAPTURE_AUTORELEASING = YES;
				CLANG_WARN_BOOL_CONVERSION = YES;
				CLANG_WARN_COMMA = YES;
				CLANG_WARN_CONSTANT_CONVERSION = YES;
				CLANG_WARN_DEPRECATED_OBJC_IMPLEMENTATIONS = YES;
				CLANG_WARN_DIRECT_OBJC_ISA_USAGE = YES_ERROR;
				CLANG_WARN_DOCUMENTATION_COMMENTS = YES;
				CLANG_WARN_EMPTY_BODY = YES;
				CLANG_WARN_ENUM_CONVERSION = YES;
				CLANG_WARN_INFINITE_RECURSION = YES;
				CLANG_WARN_INT_CONVERSION = YES;
				CLANG_WARN_NON_LITERAL_NULL_CONVERSION = YES;
				CLANG_WARN_OBJC_IMPLICIT_RETAIN_SELF = YES;
				CLANG_WARN_OBJC_LITERAL_CONVERSION = YES;
				CLANG_WARN_OBJC_ROOT_CLASS = YES_ERROR;
				CLANG_WARN_QUOTED_INCLUDE_IN_FRAMEWORK_HEADER = YES;
				CLANG_WARN_RANGE_LOOP_ANALYSIS = YES;
				CLANG_WARN_STRICT_PROTOTYPES = YES;
				CLANG_WARN_SUSPICIOUS_MOVE = YES;
				CLANG_WARN_UNGUARDED_AVAILABILITY = YES_AGGRESSIVE;
				CLANG_WARN_UNREACHABLE_CODE = YES;
				CLANG_WARN__DUPLICATE_METHOD_MATCH = YES;
				COPY_PHASE_STRIP = NO;
				DEBUG_INFORMATION_FORMAT = "dwarf-with-dsym";
				ENABLE_NS_ASSERTIONS = NO;
				ENABLE_STRICT_OBJC_MSGSEND = YES;
				ENABLE_USER_SCRIPT_SANDBOXING = YES;
				GCC_C_LANGUAGE_STANDARD = gnu17;
				GCC_NO_COMMON_BLOCKS = YES;
				GCC_WARN_64_TO_32_BIT_CONVERSION = YES;
				GCC_WARN_ABOUT_RETURN_TYPE = YES_ERROR;
				GCC_WARN_UNDECLARED_SELECTOR = YES;
				GCC_WARN_UNINITIALIZED_AUTOS = YES_AGGRESSIVE;
				GCC_WARN_UNUSED_FUNCTION = YES;
				GCC_WARN_UNUSED_VARIABLE = YES;
				IPHONEOS_DEPLOYMENT_TARGET = 18.0;
				LOCALIZATION_PREFERS_STRING_CATALOGS = YES;
				MTL_ENABLE_DEBUG_INFO = NO;
				MTL_FAST_MATH = YES;
				SDKROOT = iphoneos;
				SWIFT_COMPILATION_MODE = wholemodule;
				VALIDATE_PRODUCT = YES;
			};
			name = Release;
		};
		D27D985C2CCE93C700FCD0A5 /* Debug */ = {
			isa = XCBuildConfiguration;
			buildSettings = {
				ASSETCATALOG_COMPILER_APPICON_NAME = AppIcon;
				ASSETCATALOG_COMPILER_GLOBAL_ACCENT_COLOR_NAME = AccentColor;
				CODE_SIGN_STYLE = Automatic;
				CURRENT_PROJECT_VERSION = 1;
				DEVELOPMENT_ASSET_PATHS = "\"WeatherAppPractice/Preview Content\"";
				DEVELOPMENT_TEAM = 59WV3QF254;
				ENABLE_PREVIEWS = YES;
				GENERATE_INFOPLIST_FILE = YES;
				INFOPLIST_KEY_UIApplicationSceneManifest_Generation = YES;
				INFOPLIST_KEY_UIApplicationSupportsIndirectInputEvents = YES;
				INFOPLIST_KEY_UILaunchScreen_Generation = YES;
				INFOPLIST_KEY_UISupportedInterfaceOrientations_iPad = "UIInterfaceOrientationPortrait UIInterfaceOrientationPortraitUpsideDown UIInterfaceOrientationLandscapeLeft UIInterfaceOrientationLandscapeRight";
				INFOPLIST_KEY_UISupportedInterfaceOrientations_iPhone = "UIInterfaceOrientationPortrait UIInterfaceOrientationLandscapeLeft UIInterfaceOrientationLandscapeRight";
				LD_RUNPATH_SEARCH_PATHS = (
					"$(inherited)",
					"@executable_path/Frameworks",
				);
				MARKETING_VERSION = 1.0;
				PRODUCT_BUNDLE_IDENTIFIER = me.WeatherAppPractice;
				PRODUCT_NAME = "$(TARGET_NAME)";
				SWIFT_EMIT_LOC_STRINGS = YES;
				SWIFT_VERSION = 5.0;
				TARGETED_DEVICE_FAMILY = "1,2";
			};
			name = Debug;
		};
		D27D985D2CCE93C700FCD0A5 /* Release */ = {
			isa = XCBuildConfiguration;
			buildSettings = {
				ASSETCATALOG_COMPILER_APPICON_NAME = AppIcon;
				ASSETCATALOG_COMPILER_GLOBAL_ACCENT_COLOR_NAME = AccentColor;
				CODE_SIGN_STYLE = Automatic;
				CURRENT_PROJECT_VERSION = 1;
				DEVELOPMENT_ASSET_PATHS = "\"WeatherAppPractice/Preview Content\"";
				DEVELOPMENT_TEAM = 59WV3QF254;
				ENABLE_PREVIEWS = YES;
				GENERATE_INFOPLIST_FILE = YES;
				INFOPLIST_KEY_UIApplicationSceneManifest_Generation = YES;
				INFOPLIST_KEY_UIApplicationSupportsIndirectInputEvents = YES;
				INFOPLIST_KEY_UILaunchScreen_Generation = YES;
				INFOPLIST_KEY_UISupportedInterfaceOrientations_iPad = "UIInterfaceOrientationPortrait UIInterfaceOrientationPortraitUpsideDown UIInterfaceOrientationLandscapeLeft UIInterfaceOrientationLandscapeRight";
				INFOPLIST_KEY_UISupportedInterfaceOrientations_iPhone = "UIInterfaceOrientationPortrait UIInterfaceOrientationLandscapeLeft UIInterfaceOrientationLandscapeRight";
				LD_RUNPATH_SEARCH_PATHS = (
					"$(inherited)",
					"@executable_path/Frameworks",
				);
				MARKETING_VERSION = 1.0;
				PRODUCT_BUNDLE_IDENTIFIER = me.WeatherAppPractice;
				PRODUCT_NAME = "$(TARGET_NAME)";
				SWIFT_EMIT_LOC_STRINGS = YES;
				SWIFT_VERSION = 5.0;
				TARGETED_DEVICE_FAMILY = "1,2";
			};
			name = Release;
		};
		D27D985F2CCE93C700FCD0A5 /* Debug */ = {
			isa = XCBuildConfiguration;
			buildSettings = {
				BUNDLE_LOADER = "$(TEST_HOST)";
				CODE_SIGN_STYLE = Automatic;
				CURRENT_PROJECT_VERSION = 1;
				DEVELOPMENT_TEAM = 59WV3QF254;
				GENERATE_INFOPLIST_FILE = YES;
				IPHONEOS_DEPLOYMENT_TARGET = 18.0;
				MARKETING_VERSION = 1.0;
				PRODUCT_BUNDLE_IDENTIFIER = me.WeatherAppPracticeTests;
				PRODUCT_NAME = "$(TARGET_NAME)";
				SWIFT_EMIT_LOC_STRINGS = NO;
				SWIFT_VERSION = 5.0;
				TARGETED_DEVICE_FAMILY = "1,2";
				TEST_HOST = "$(BUILT_PRODUCTS_DIR)/WeatherAppPractice.app/$(BUNDLE_EXECUTABLE_FOLDER_PATH)/WeatherAppPractice";
			};
			name = Debug;
		};
		D27D98602CCE93C700FCD0A5 /* Release */ = {
			isa = XCBuildConfiguration;
			buildSettings = {
				BUNDLE_LOADER = "$(TEST_HOST)";
				CODE_SIGN_STYLE = Automatic;
				CURRENT_PROJECT_VERSION = 1;
				DEVELOPMENT_TEAM = 59WV3QF254;
				GENERATE_INFOPLIST_FILE = YES;
				IPHONEOS_DEPLOYMENT_TARGET = 18.0;
				MARKETING_VERSION = 1.0;
				PRODUCT_BUNDLE_IDENTIFIER = me.WeatherAppPracticeTests;
				PRODUCT_NAME = "$(TARGET_NAME)";
				SWIFT_EMIT_LOC_STRINGS = NO;
				SWIFT_VERSION = 5.0;
				TARGETED_DEVICE_FAMILY = "1,2";
				TEST_HOST = "$(BUILT_PRODUCTS_DIR)/WeatherAppPractice.app/$(BUNDLE_EXECUTABLE_FOLDER_PATH)/WeatherAppPractice";
			};
			name = Release;
		};
		D27D98622CCE93C700FCD0A5 /* Debug */ = {
			isa = XCBuildConfiguration;
			buildSettings = {
				CODE_SIGN_STYLE = Automatic;
				CURRENT_PROJECT_VERSION = 1;
				DEVELOPMENT_TEAM = 59WV3QF254;
				GENERATE_INFOPLIST_FILE = YES;
				MARKETING_VERSION = 1.0;
				PRODUCT_BUNDLE_IDENTIFIER = me.WeatherAppPracticeUITests;
				PRODUCT_NAME = "$(TARGET_NAME)";
				SWIFT_EMIT_LOC_STRINGS = NO;
				SWIFT_VERSION = 5.0;
				TARGETED_DEVICE_FAMILY = "1,2";
				TEST_TARGET_NAME = WeatherAppPractice;
			};
			name = Debug;
		};
		D27D98632CCE93C700FCD0A5 /* Release */ = {
			isa = XCBuildConfiguration;
			buildSettings = {
				CODE_SIGN_STYLE = Automatic;
				CURRENT_PROJECT_VERSION = 1;
				DEVELOPMENT_TEAM = 59WV3QF254;
				GENERATE_INFOPLIST_FILE = YES;
				MARKETING_VERSION = 1.0;
				PRODUCT_BUNDLE_IDENTIFIER = me.WeatherAppPracticeUITests;
				PRODUCT_NAME = "$(TARGET_NAME)";
				SWIFT_EMIT_LOC_STRINGS = NO;
				SWIFT_VERSION = 5.0;
				TARGETED_DEVICE_FAMILY = "1,2";
				TEST_TARGET_NAME = WeatherAppPractice;
			};
			name = Release;
		};
/* End XCBuildConfiguration section */

/* Begin XCConfigurationList section */
		D27D98322CCE93C600FCD0A5 /* Build configuration list for PBXProject "WeatherAppPractice" */ = {
			isa = XCConfigurationList;
			buildConfigurations = (
				D27D98592CCE93C700FCD0A5 /* Debug */,
				D27D985A2CCE93C700FCD0A5 /* Release */,
			);
			defaultConfigurationIsVisible = 0;
			defaultConfigurationName = Release;
		};
		D27D985B2CCE93C700FCD0A5 /* Build configuration list for PBXNativeTarget "WeatherAppPractice" */ = {
			isa = XCConfigurationList;
			buildConfigurations = (
				D27D985C2CCE93C700FCD0A5 /* Debug */,
				D27D985D2CCE93C700FCD0A5 /* Release */,
			);
			defaultConfigurationIsVisible = 0;
			defaultConfigurationName = Release;
		};
		D27D985E2CCE93C700FCD0A5 /* Build configuration list for PBXNativeTarget "WeatherAppPracticeTests" */ = {
			isa = XCConfigurationList;
			buildConfigurations = (
				D27D985F2CCE93C700FCD0A5 /* Debug */,
				D27D98602CCE93C700FCD0A5 /* Release */,
			);
			defaultConfigurationIsVisible = 0;
			defaultConfigurationName = Release;
		};
		D27D98612CCE93C700FCD0A5 /* Build configuration list for PBXNativeTarget "WeatherAppPracticeUITests" */ = {
			isa = XCConfigurationList;
			buildConfigurations = (
				D27D98622CCE93C700FCD0A5 /* Debug */,
				D27D98632CCE93C700FCD0A5 /* Release */,
			);
			defaultConfigurationIsVisible = 0;
			defaultConfigurationName = Release;
		};
/* End XCConfigurationList section */
	};
	rootObject = D27D982F2CCE93C600FCD0A5 /* Project object */;
}
